// !$*UTF8*$!
{
	archiveVersion = 1;
	classes = {
	};
	objectVersion = 55;
	objects = {

/* Begin PBXBuildFile section */
		6DC8E25ADB311FDB374ACCDB /* Pods_RxSwift_01_RxSwift_01UITests.framework in Frameworks */ = {isa = PBXBuildFile; fileRef = 8F783DDDBB056DD350E385C5 /* Pods_RxSwift_01_RxSwift_01UITests.framework */; };
		AD86364BECEFAF96B4DFC6A2 /* Pods_RxSwift_01.framework in Frameworks */ = {isa = PBXBuildFile; fileRef = 12C3810EC5A17473EACFFE12 /* Pods_RxSwift_01.framework */; };
		BDC80D1327706B2D00827E20 /* AppDelegate.swift in Sources */ = {isa = PBXBuildFile; fileRef = BDC80D1227706B2D00827E20 /* AppDelegate.swift */; };
		BDC80D1527706B2D00827E20 /* SceneDelegate.swift in Sources */ = {isa = PBXBuildFile; fileRef = BDC80D1427706B2D00827E20 /* SceneDelegate.swift */; };
		BDC80D1727706B2D00827E20 /* ViewController.swift in Sources */ = {isa = PBXBuildFile; fileRef = BDC80D1627706B2D00827E20 /* ViewController.swift */; };
		BDC80D1A27706B2D00827E20 /* Main.storyboard in Resources */ = {isa = PBXBuildFile; fileRef = BDC80D1827706B2D00827E20 /* Main.storyboard */; };
		BDC80D1C27706B2E00827E20 /* Assets.xcassets in Resources */ = {isa = PBXBuildFile; fileRef = BDC80D1B27706B2E00827E20 /* Assets.xcassets */; };
		BDC80D1F27706B2E00827E20 /* LaunchScreen.storyboard in Resources */ = {isa = PBXBuildFile; fileRef = BDC80D1D27706B2E00827E20 /* LaunchScreen.storyboard */; };
		BDC80D2A27706B2E00827E20 /* RxSwift_01Tests.swift in Sources */ = {isa = PBXBuildFile; fileRef = BDC80D2927706B2E00827E20 /* RxSwift_01Tests.swift */; };
		BDC80D3427706B2F00827E20 /* RxSwift_01UITests.swift in Sources */ = {isa = PBXBuildFile; fileRef = BDC80D3327706B2F00827E20 /* RxSwift_01UITests.swift */; };
		BDC80D3627706B2F00827E20 /* RxSwift_01UITestsLaunchTests.swift in Sources */ = {isa = PBXBuildFile; fileRef = BDC80D3527706B2F00827E20 /* RxSwift_01UITestsLaunchTests.swift */; };
		C2377FA44B39BA117E3BF55C /* Pods_RxSwift_01Tests.framework in Frameworks */ = {isa = PBXBuildFile; fileRef = D83DA3539156D564FC8D2089 /* Pods_RxSwift_01Tests.framework */; };
/* End PBXBuildFile section */

/* Begin PBXContainerItemProxy section */
		BDC80D2627706B2E00827E20 /* PBXContainerItemProxy */ = {
			isa = PBXContainerItemProxy;
			containerPortal = BDC80D0727706B2D00827E20 /* Project object */;
			proxyType = 1;
			remoteGlobalIDString = BDC80D0E27706B2D00827E20;
			remoteInfo = RxSwift_01;
		};
		BDC80D3027706B2F00827E20 /* PBXContainerItemProxy */ = {
			isa = PBXContainerItemProxy;
			containerPortal = BDC80D0727706B2D00827E20 /* Project object */;
			proxyType = 1;
			remoteGlobalIDString = BDC80D0E27706B2D00827E20;
			remoteInfo = RxSwift_01;
		};
/* End PBXContainerItemProxy section */

/* Begin PBXFileReference section */
		050F4263412823A36DBA717D /* Pods-RxSwift_01-RxSwift_01UITests.debug.xcconfig */ = {isa = PBXFileReference; includeInIndex = 1; lastKnownFileType = text.xcconfig; name = "Pods-RxSwift_01-RxSwift_01UITests.debug.xcconfig"; path = "Target Support Files/Pods-RxSwift_01-RxSwift_01UITests/Pods-RxSwift_01-RxSwift_01UITests.debug.xcconfig"; sourceTree = "<group>"; };
		12C3810EC5A17473EACFFE12 /* Pods_RxSwift_01.framework */ = {isa = PBXFileReference; explicitFileType = wrapper.framework; includeInIndex = 0; path = Pods_RxSwift_01.framework; sourceTree = BUILT_PRODUCTS_DIR; };
		305DE36333B2A91279F5A486 /* Pods-RxSwift_01.release.xcconfig */ = {isa = PBXFileReference; includeInIndex = 1; lastKnownFileType = text.xcconfig; name = "Pods-RxSwift_01.release.xcconfig"; path = "Target Support Files/Pods-RxSwift_01/Pods-RxSwift_01.release.xcconfig"; sourceTree = "<group>"; };
		48F876F452BE90500E4C8A97 /* Pods-RxSwift_01.debug.xcconfig */ = {isa = PBXFileReference; includeInIndex = 1; lastKnownFileType = text.xcconfig; name = "Pods-RxSwift_01.debug.xcconfig"; path = "Target Support Files/Pods-RxSwift_01/Pods-RxSwift_01.debug.xcconfig"; sourceTree = "<group>"; };
		8879BF61AAA01FF586F53E93 /* Pods-RxSwift_01Tests.debug.xcconfig */ = {isa = PBXFileReference; includeInIndex = 1; lastKnownFileType = text.xcconfig; name = "Pods-RxSwift_01Tests.debug.xcconfig"; path = "Target Support Files/Pods-RxSwift_01Tests/Pods-RxSwift_01Tests.debug.xcconfig"; sourceTree = "<group>"; };
		8F783DDDBB056DD350E385C5 /* Pods_RxSwift_01_RxSwift_01UITests.framework */ = {isa = PBXFileReference; explicitFileType = wrapper.framework; includeInIndex = 0; path = Pods_RxSwift_01_RxSwift_01UITests.framework; sourceTree = BUILT_PRODUCTS_DIR; };
		BD6227AA27706FFD00C86DAA /* RxSwictPlayground.playground */ = {isa = PBXFileReference; lastKnownFileType = file.playground; name = RxSwictPlayground.playground; path = ../../RxSwictPlayground.playground; sourceTree = "<group>"; xcLanguageSpecificationIdentifier = xcode.lang.swift; };
		BDC80D0F27706B2D00827E20 /* RxSwift_01.app */ = {isa = PBXFileReference; explicitFileType = wrapper.application; includeInIndex = 0; path = RxSwift_01.app; sourceTree = BUILT_PRODUCTS_DIR; };
		BDC80D1227706B2D00827E20 /* AppDelegate.swift */ = {isa = PBXFileReference; lastKnownFileType = sourcecode.swift; path = AppDelegate.swift; sourceTree = "<group>"; };
		BDC80D1427706B2D00827E20 /* SceneDelegate.swift */ = {isa = PBXFileReference; lastKnownFileType = sourcecode.swift; path = SceneDelegate.swift; sourceTree = "<group>"; };
		BDC80D1627706B2D00827E20 /* ViewController.swift */ = {isa = PBXFileReference; lastKnownFileType = sourcecode.swift; path = ViewController.swift; sourceTree = "<group>"; };
		BDC80D1927706B2D00827E20 /* Base */ = {isa = PBXFileReference; lastKnownFileType = file.storyboard; name = Base; path = Base.lproj/Main.storyboard; sourceTree = "<group>"; };
		BDC80D1B27706B2E00827E20 /* Assets.xcassets */ = {isa = PBXFileReference; lastKnownFileType = folder.assetcatalog; path = Assets.xcassets; sourceTree = "<group>"; };
		BDC80D1E27706B2E00827E20 /* Base */ = {isa = PBXFileReference; lastKnownFileType = file.storyboard; name = Base; path = Base.lproj/LaunchScreen.storyboard; sourceTree = "<group>"; };
		BDC80D2027706B2E00827E20 /* Info.plist */ = {isa = PBXFileReference; lastKnownFileType = text.plist.xml; path = Info.plist; sourceTree = "<group>"; };
		BDC80D2527706B2E00827E20 /* RxSwift_01Tests.xctest */ = {isa = PBXFileReference; explicitFileType = wrapper.cfbundle; includeInIndex = 0; path = RxSwift_01Tests.xctest; sourceTree = BUILT_PRODUCTS_DIR; };
		BDC80D2927706B2E00827E20 /* RxSwift_01Tests.swift */ = {isa = PBXFileReference; lastKnownFileType = sourcecode.swift; path = RxSwift_01Tests.swift; sourceTree = "<group>"; };
		BDC80D2F27706B2F00827E20 /* RxSwift_01UITests.xctest */ = {isa = PBXFileReference; explicitFileType = wrapper.cfbundle; includeInIndex = 0; path = RxSwift_01UITests.xctest; sourceTree = BUILT_PRODUCTS_DIR; };
		BDC80D3327706B2F00827E20 /* RxSwift_01UITests.swift */ = {isa = PBXFileReference; lastKnownFileType = sourcecode.swift; path = RxSwift_01UITests.swift; sourceTree = "<group>"; };
		BDC80D3527706B2F00827E20 /* RxSwift_01UITestsLaunchTests.swift */ = {isa = PBXFileReference; lastKnownFileType = sourcecode.swift; path = RxSwift_01UITestsLaunchTests.swift; sourceTree = "<group>"; };
		D83DA3539156D564FC8D2089 /* Pods_RxSwift_01Tests.framework */ = {isa = PBXFileReference; explicitFileType = wrapper.framework; includeInIndex = 0; path = Pods_RxSwift_01Tests.framework; sourceTree = BUILT_PRODUCTS_DIR; };
		EAEC946F76332BBD90E7B68C /* Pods-RxSwift_01-RxSwift_01UITests.release.xcconfig */ = {isa = PBXFileReference; includeInIndex = 1; lastKnownFileType = text.xcconfig; name = "Pods-RxSwift_01-RxSwift_01UITests.release.xcconfig"; path = "Target Support Files/Pods-RxSwift_01-RxSwift_01UITests/Pods-RxSwift_01-RxSwift_01UITests.release.xcconfig"; sourceTree = "<group>"; };
		F81170013E766945FFF6FB87 /* Pods-RxSwift_01Tests.release.xcconfig */ = {isa = PBXFileReference; includeInIndex = 1; lastKnownFileType = text.xcconfig; name = "Pods-RxSwift_01Tests.release.xcconfig"; path = "Target Support Files/Pods-RxSwift_01Tests/Pods-RxSwift_01Tests.release.xcconfig"; sourceTree = "<group>"; };
/* End PBXFileReference section */

/* Begin PBXFrameworksBuildPhase section */
		BDC80D0C27706B2D00827E20 /* Frameworks */ = {
			isa = PBXFrameworksBuildPhase;
			buildActionMask = 2147483647;
			files = (
				AD86364BECEFAF96B4DFC6A2 /* Pods_RxSwift_01.framework in Frameworks */,
			);
			runOnlyForDeploymentPostprocessing = 0;
		};
		BDC80D2227706B2E00827E20 /* Frameworks */ = {
			isa = PBXFrameworksBuildPhase;
			buildActionMask = 2147483647;
			files = (
				C2377FA44B39BA117E3BF55C /* Pods_RxSwift_01Tests.framework in Frameworks */,
			);
			runOnlyForDeploymentPostprocessing = 0;
		};
		BDC80D2C27706B2F00827E20 /* Frameworks */ = {
			isa = PBXFrameworksBuildPhase;
			buildActionMask = 2147483647;
			files = (
				6DC8E25ADB311FDB374ACCDB /* Pods_RxSwift_01_RxSwift_01UITests.framework in Frameworks */,
			);
			runOnlyForDeploymentPostprocessing = 0;
		};
/* End PBXFrameworksBuildPhase section */

/* Begin PBXGroup section */
		BDC80D0627706B2D00827E20 = {
			isa = PBXGroup;
			children = (
				BDC80D1127706B2D00827E20 /* RxSwift_01 */,
				BDC80D2827706B2E00827E20 /* RxSwift_01Tests */,
				BDC80D3227706B2F00827E20 /* RxSwift_01UITests */,
				BDC80D1027706B2D00827E20 /* Products */,
				DAAF70E796FD5A9191235824 /* Pods */,
				E51979848D72D1206C3D0D35 /* Frameworks */,
			);
			sourceTree = "<group>";
		};
		BDC80D1027706B2D00827E20 /* Products */ = {
			isa = PBXGroup;
			children = (
				BDC80D0F27706B2D00827E20 /* RxSwift_01.app */,
				BDC80D2527706B2E00827E20 /* RxSwift_01Tests.xctest */,
				BDC80D2F27706B2F00827E20 /* RxSwift_01UITests.xctest */,
			);
			name = Products;
			sourceTree = "<group>";
		};
		BDC80D1127706B2D00827E20 /* RxSwift_01 */ = {
			isa = PBXGroup;
			children = (
				BD6227AA27706FFD00C86DAA /* RxSwictPlayground.playground */,
				BDC80D1227706B2D00827E20 /* AppDelegate.swift */,
				BDC80D1427706B2D00827E20 /* SceneDelegate.swift */,
				BDC80D1627706B2D00827E20 /* ViewController.swift */,
				BDC80D1827706B2D00827E20 /* Main.storyboard */,
				BDC80D1B27706B2E00827E20 /* Assets.xcassets */,
				BDC80D1D27706B2E00827E20 /* LaunchScreen.storyboard */,
				BDC80D2027706B2E00827E20 /* Info.plist */,
			);
			path = RxSwift_01;
			sourceTree = "<group>";
		};
		BDC80D2827706B2E00827E20 /* RxSwift_01Tests */ = {
			isa = PBXGroup;
			children = (
				BDC80D2927706B2E00827E20 /* RxSwift_01Tests.swift */,
			);
			path = RxSwift_01Tests;
			sourceTree = "<group>";
		};
		BDC80D3227706B2F00827E20 /* RxSwift_01UITests */ = {
			isa = PBXGroup;
			children = (
				BDC80D3327706B2F00827E20 /* RxSwift_01UITests.swift */,
				BDC80D3527706B2F00827E20 /* RxSwift_01UITestsLaunchTests.swift */,
			);
			path = RxSwift_01UITests;
			sourceTree = "<group>";
		};
		DAAF70E796FD5A9191235824 /* Pods */ = {
			isa = PBXGroup;
			children = (
				48F876F452BE90500E4C8A97 /* Pods-RxSwift_01.debug.xcconfig */,
				305DE36333B2A91279F5A486 /* Pods-RxSwift_01.release.xcconfig */,
				050F4263412823A36DBA717D /* Pods-RxSwift_01-RxSwift_01UITests.debug.xcconfig */,
				EAEC946F76332BBD90E7B68C /* Pods-RxSwift_01-RxSwift_01UITests.release.xcconfig */,
				8879BF61AAA01FF586F53E93 /* Pods-RxSwift_01Tests.debug.xcconfig */,
				F81170013E766945FFF6FB87 /* Pods-RxSwift_01Tests.release.xcconfig */,
			);
			path = Pods;
			sourceTree = "<group>";
		};
		E51979848D72D1206C3D0D35 /* Frameworks */ = {
			isa = PBXGroup;
			children = (
				12C3810EC5A17473EACFFE12 /* Pods_RxSwift_01.framework */,
				8F783DDDBB056DD350E385C5 /* Pods_RxSwift_01_RxSwift_01UITests.framework */,
				D83DA3539156D564FC8D2089 /* Pods_RxSwift_01Tests.framework */,
			);
			name = Frameworks;
			sourceTree = "<group>";
		};
/* End PBXGroup section */

/* Begin PBXNativeTarget section */
		BDC80D0E27706B2D00827E20 /* RxSwift_01 */ = {
			isa = PBXNativeTarget;
			buildConfigurationList = BDC80D3927706B2F00827E20 /* Build configuration list for PBXNativeTarget "RxSwift_01" */;
			buildPhases = (
				F9309DC648BD68B617B672AD /* [CP] Check Pods Manifest.lock */,
				BDC80D0B27706B2D00827E20 /* Sources */,
				BDC80D0C27706B2D00827E20 /* Frameworks */,
				BDC80D0D27706B2D00827E20 /* Resources */,
				8769F56ECF30287C699936AA /* [CP] Embed Pods Frameworks */,
			);
			buildRules = (
			);
			dependencies = (
			);
			name = RxSwift_01;
			productName = RxSwift_01;
			productReference = BDC80D0F27706B2D00827E20 /* RxSwift_01.app */;
			productType = "com.apple.product-type.application";
		};
		BDC80D2427706B2E00827E20 /* RxSwift_01Tests */ = {
			isa = PBXNativeTarget;
			buildConfigurationList = BDC80D3C27706B2F00827E20 /* Build configuration list for PBXNativeTarget "RxSwift_01Tests" */;
			buildPhases = (
				4A8C6237790F6142AF5308D7 /* [CP] Check Pods Manifest.lock */,
				BDC80D2127706B2E00827E20 /* Sources */,
				BDC80D2227706B2E00827E20 /* Frameworks */,
				BDC80D2327706B2E00827E20 /* Resources */,
			);
			buildRules = (
			);
			dependencies = (
				BDC80D2727706B2E00827E20 /* PBXTargetDependency */,
			);
			name = RxSwift_01Tests;
			productName = RxSwift_01Tests;
			productReference = BDC80D2527706B2E00827E20 /* RxSwift_01Tests.xctest */;
			productType = "com.apple.product-type.bundle.unit-test";
		};
		BDC80D2E27706B2F00827E20 /* RxSwift_01UITests */ = {
			isa = PBXNativeTarget;
			buildConfigurationList = BDC80D3F27706B2F00827E20 /* Build configuration list for PBXNativeTarget "RxSwift_01UITests" */;
			buildPhases = (
				B5DB00D0D9BE7B94BFC72616 /* [CP] Check Pods Manifest.lock */,
				BDC80D2B27706B2F00827E20 /* Sources */,
				BDC80D2C27706B2F00827E20 /* Frameworks */,
				BDC80D2D27706B2F00827E20 /* Resources */,
				68CCD9C1CD7C8304AE49A23D /* [CP] Embed Pods Frameworks */,
			);
			buildRules = (
			);
			dependencies = (
				BDC80D3127706B2F00827E20 /* PBXTargetDependency */,
			);
			name = RxSwift_01UITests;
			productName = RxSwift_01UITests;
			productReference = BDC80D2F27706B2F00827E20 /* RxSwift_01UITests.xctest */;
			productType = "com.apple.product-type.bundle.ui-testing";
		};
/* End PBXNativeTarget section */

/* Begin PBXProject section */
		BDC80D0727706B2D00827E20 /* Project object */ = {
			isa = PBXProject;
			attributes = {
				BuildIndependentTargetsInParallel = 1;
				LastSwiftUpdateCheck = 1320;
				LastUpgradeCheck = 1320;
				TargetAttributes = {
					BDC80D0E27706B2D00827E20 = {
						CreatedOnToolsVersion = 13.2.1;
					};
					BDC80D2427706B2E00827E20 = {
						CreatedOnToolsVersion = 13.2.1;
						TestTargetID = BDC80D0E27706B2D00827E20;
					};
					BDC80D2E27706B2F00827E20 = {
						CreatedOnToolsVersion = 13.2.1;
						TestTargetID = BDC80D0E27706B2D00827E20;
					};
				};
			};
			buildConfigurationList = BDC80D0A27706B2D00827E20 /* Build configuration list for PBXProject "RxSwift_01" */;
			compatibilityVersion = "Xcode 13.0";
			developmentRegion = en;
			hasScannedForEncodings = 0;
			knownRegions = (
				en,
				Base,
			);
			mainGroup = BDC80D0627706B2D00827E20;
			productRefGroup = BDC80D1027706B2D00827E20 /* Products */;
			projectDirPath = "";
			projectRoot = "";
			targets = (
				BDC80D0E27706B2D00827E20 /* RxSwift_01 */,
				BDC80D2427706B2E00827E20 /* RxSwift_01Tests */,
				BDC80D2E27706B2F00827E20 /* RxSwift_01UITests */,
			);
		};
/* End PBXProject section */

/* Begin PBXResourcesBuildPhase section */
		BDC80D0D27706B2D00827E20 /* Resources */ = {
			isa = PBXResourcesBuildPhase;
			buildActionMask = 2147483647;
			files = (
				BDC80D1F27706B2E00827E20 /* LaunchScreen.storyboard in Resources */,
				BDC80D1C27706B2E00827E20 /* Assets.xcassets in Resources */,
				BDC80D1A27706B2D00827E20 /* Main.storyboard in Resources */,
			);
			runOnlyForDeploymentPostprocessing = 0;
		};
		BDC80D2327706B2E00827E20 /* Resources */ = {
			isa = PBXResourcesBuildPhase;
			buildActionMask = 2147483647;
			files = (
			);
			runOnlyForDeploymentPostprocessing = 0;
		};
		BDC80D2D27706B2F00827E20 /* Resources */ = {
			isa = PBXResourcesBuildPhase;
			buildActionMask = 2147483647;
			files = (
			);
			runOnlyForDeploymentPostprocessing = 0;
		};
/* End PBXResourcesBuildPhase section */

/* Begin PBXShellScriptBuildPhase section */
		4A8C6237790F6142AF5308D7 /* [CP] Check Pods Manifest.lock */ = {
			isa = PBXShellScriptBuildPhase;
			buildActionMask = 2147483647;
			files = (
			);
			inputFileListPaths = (
			);
			inputPaths = (
				"${PODS_PODFILE_DIR_PATH}/Podfile.lock",
				"${PODS_ROOT}/Manifest.lock",
			);
			name = "[CP] Check Pods Manifest.lock";
			outputFileListPaths = (
			);
			outputPaths = (
				"$(DERIVED_FILE_DIR)/Pods-RxSwift_01Tests-checkManifestLockResult.txt",
			);
			runOnlyForDeploymentPostprocessing = 0;
			shellPath = /bin/sh;
			shellScript = "diff \"${PODS_PODFILE_DIR_PATH}/Podfile.lock\" \"${PODS_ROOT}/Manifest.lock\" > /dev/null\nif [ $? != 0 ] ; then\n    # print error to STDERR\n    echo \"error: The sandbox is not in sync with the Podfile.lock. Run 'pod install' or update your CocoaPods installation.\" >&2\n    exit 1\nfi\n# This output is used by Xcode 'outputs' to avoid re-running this script phase.\necho \"SUCCESS\" > \"${SCRIPT_OUTPUT_FILE_0}\"\n";
			showEnvVarsInLog = 0;
		};
		68CCD9C1CD7C8304AE49A23D /* [CP] Embed Pods Frameworks */ = {
			isa = PBXShellScriptBuildPhase;
			buildActionMask = 2147483647;
			files = (
			);
			inputFileListPaths = (
				"${PODS_ROOT}/Target Support Files/Pods-RxSwift_01-RxSwift_01UITests/Pods-RxSwift_01-RxSwift_01UITests-frameworks-${CONFIGURATION}-input-files.xcfilelist",
			);
			name = "[CP] Embed Pods Frameworks";
			outputFileListPaths = (
				"${PODS_ROOT}/Target Support Files/Pods-RxSwift_01-RxSwift_01UITests/Pods-RxSwift_01-RxSwift_01UITests-frameworks-${CONFIGURATION}-output-files.xcfilelist",
			);
			runOnlyForDeploymentPostprocessing = 0;
			shellPath = /bin/sh;
			shellScript = "\"${PODS_ROOT}/Target Support Files/Pods-RxSwift_01-RxSwift_01UITests/Pods-RxSwift_01-RxSwift_01UITests-frameworks.sh\"\n";
			showEnvVarsInLog = 0;
		};
		8769F56ECF30287C699936AA /* [CP] Embed Pods Frameworks */ = {
			isa = PBXShellScriptBuildPhase;
			buildActionMask = 2147483647;
			files = (
			);
			inputFileListPaths = (
				"${PODS_ROOT}/Target Support Files/Pods-RxSwift_01/Pods-RxSwift_01-frameworks-${CONFIGURATION}-input-files.xcfilelist",
			);
			name = "[CP] Embed Pods Frameworks";
			outputFileListPaths = (
				"${PODS_ROOT}/Target Support Files/Pods-RxSwift_01/Pods-RxSwift_01-frameworks-${CONFIGURATION}-output-files.xcfilelist",
			);
			runOnlyForDeploymentPostprocessing = 0;
			shellPath = /bin/sh;
			shellScript = "\"${PODS_ROOT}/Target Support Files/Pods-RxSwift_01/Pods-RxSwift_01-frameworks.sh\"\n";
			showEnvVarsInLog = 0;
		};
		B5DB00D0D9BE7B94BFC72616 /* [CP] Check Pods Manifest.lock */ = {
			isa = PBXShellScriptBuildPhase;
			buildActionMask = 2147483647;
			files = (
			);
			inputFileListPaths = (
			);
			inputPaths = (
				"${PODS_PODFILE_DIR_PATH}/Podfile.lock",
				"${PODS_ROOT}/Manifest.lock",
			);
			name = "[CP] Check Pods Manifest.lock";
			outputFileListPaths = (
			);
			outputPaths = (
				"$(DERIVED_FILE_DIR)/Pods-RxSwift_01-RxSwift_01UITests-checkManifestLockResult.txt",
			);
			runOnlyForDeploymentPostprocessing = 0;
			shellPath = /bin/sh;
			shellScript = "diff \"${PODS_PODFILE_DIR_PATH}/Podfile.lock\" \"${PODS_ROOT}/Manifest.lock\" > /dev/null\nif [ $? != 0 ] ; then\n    # print error to STDERR\n    echo \"error: The sandbox is not in sync with the Podfile.lock. Run 'pod install' or update your CocoaPods installation.\" >&2\n    exit 1\nfi\n# This output is used by Xcode 'outputs' to avoid re-running this script phase.\necho \"SUCCESS\" > \"${SCRIPT_OUTPUT_FILE_0}\"\n";
			showEnvVarsInLog = 0;
		};
		F9309DC648BD68B617B672AD /* [CP] Check Pods Manifest.lock */ = {
			isa = PBXShellScriptBuildPhase;
			buildActionMask = 2147483647;
			files = (
			);
			inputFileListPaths = (
			);
			inputPaths = (
				"${PODS_PODFILE_DIR_PATH}/Podfile.lock",
				"${PODS_ROOT}/Manifest.lock",
			);
			name = "[CP] Check Pods Manifest.lock";
			outputFileListPaths = (
			);
			outputPaths = (
				"$(DERIVED_FILE_DIR)/Pods-RxSwift_01-checkManifestLockResult.txt",
			);
			runOnlyForDeploymentPostprocessing = 0;
			shellPath = /bin/sh;
			shellScript = "diff \"${PODS_PODFILE_DIR_PATH}/Podfile.lock\" \"${PODS_ROOT}/Manifest.lock\" > /dev/null\nif [ $? != 0 ] ; then\n    # print error to STDERR\n    echo \"error: The sandbox is not in sync with the Podfile.lock. Run 'pod install' or update your CocoaPods installation.\" >&2\n    exit 1\nfi\n# This output is used by Xcode 'outputs' to avoid re-running this script phase.\necho \"SUCCESS\" > \"${SCRIPT_OUTPUT_FILE_0}\"\n";
			showEnvVarsInLog = 0;
		};
/* End PBXShellScriptBuildPhase section */

/* Begin PBXSourcesBuildPhase section */
		BDC80D0B27706B2D00827E20 /* Sources */ = {
			isa = PBXSourcesBuildPhase;
			buildActionMask = 2147483647;
			files = (
				BDC80D1727706B2D00827E20 /* ViewController.swift in Sources */,
				BDC80D1327706B2D00827E20 /* AppDelegate.swift in Sources */,
				BDC80D1527706B2D00827E20 /* SceneDelegate.swift in Sources */,
			);
			runOnlyForDeploymentPostprocessing = 0;
		};
		BDC80D2127706B2E00827E20 /* Sources */ = {
			isa = PBXSourcesBuildPhase;
			buildActionMask = 2147483647;
			files = (
				BDC80D2A27706B2E00827E20 /* RxSwift_01Tests.swift in Sources */,
			);
			runOnlyForDeploymentPostprocessing = 0;
		};
		BDC80D2B27706B2F00827E20 /* Sources */ = {
			isa = PBXSourcesBuildPhase;
			buildActionMask = 2147483647;
			files = (
				BDC80D3427706B2F00827E20 /* RxSwift_01UITests.swift in Sources */,
				BDC80D3627706B2F00827E20 /* RxSwift_01UITestsLaunchTests.swift in Sources */,
			);
			runOnlyForDeploymentPostprocessing = 0;
		};
/* End PBXSourcesBuildPhase section */

/* Begin PBXTargetDependency section */
		BDC80D2727706B2E00827E20 /* PBXTargetDependency */ = {
			isa = PBXTargetDependency;
			target = BDC80D0E27706B2D00827E20 /* RxSwift_01 */;
			targetProxy = BDC80D2627706B2E00827E20 /* PBXContainerItemProxy */;
		};
		BDC80D3127706B2F00827E20 /* PBXTargetDependency */ = {
			isa = PBXTargetDependency;
			target = BDC80D0E27706B2D00827E20 /* RxSwift_01 */;
			targetProxy = BDC80D3027706B2F00827E20 /* PBXContainerItemProxy */;
		};
/* End PBXTargetDependency section */

/* Begin PBXVariantGroup section */
		BDC80D1827706B2D00827E20 /* Main.storyboard */ = {
			isa = PBXVariantGroup;
			children = (
				BDC80D1927706B2D00827E20 /* Base */,
			);
			name = Main.storyboard;
			sourceTree = "<group>";
		};
		BDC80D1D27706B2E00827E20 /* LaunchScreen.storyboard */ = {
			isa = PBXVariantGroup;
			children = (
				BDC80D1E27706B2E00827E20 /* Base */,
			);
			name = LaunchScreen.storyboard;
			sourceTree = "<group>";
		};
/* End PBXVariantGroup section */

/* Begin XCBuildConfiguration section */
		BDC80D3727706B2F00827E20 /* Debug */ = {
			isa = XCBuildConfiguration;
			buildSettings = {
				ALWAYS_SEARCH_USER_PATHS = NO;
				CLANG_ANALYZER_NONNULL = YES;
				CLANG_ANALYZER_NUMBER_OBJECT_CONVERSION = YES_AGGRESSIVE;
				CLANG_CXX_LANGUAGE_STANDARD = "gnu++17";
				CLANG_CXX_LIBRARY = "libc++";
				CLANG_ENABLE_MODULES = YES;
				CLANG_ENABLE_OBJC_ARC = YES;
				CLANG_ENABLE_OBJC_WEAK = YES;
				CLANG_WARN_BLOCK_CAPTURE_AUTORELEASING = YES;
				CLANG_WARN_BOOL_CONVERSION = YES;
				CLANG_WARN_COMMA = YES;
				CLANG_WARN_CONSTANT_CONVERSION = YES;
				CLANG_WARN_DEPRECATED_OBJC_IMPLEMENTATIONS = YES;
				CLANG_WARN_DIRECT_OBJC_ISA_USAGE = YES_ERROR;
				CLANG_WARN_DOCUMENTATION_COMMENTS = YES;
				CLANG_WARN_EMPTY_BODY = YES;
				CLANG_WARN_ENUM_CONVERSION = YES;
				CLANG_WARN_INFINITE_RECURSION = YES;
				CLANG_WARN_INT_CONVERSION = YES;
				CLANG_WARN_NON_LITERAL_NULL_CONVERSION = YES;
				CLANG_WARN_OBJC_IMPLICIT_RETAIN_SELF = YES;
				CLANG_WARN_OBJC_LITERAL_CONVERSION = YES;
				CLANG_WARN_OBJC_ROOT_CLASS = YES_ERROR;
				CLANG_WARN_QUOTED_INCLUDE_IN_FRAMEWORK_HEADER = YES;
				CLANG_WARN_RANGE_LOOP_ANALYSIS = YES;
				CLANG_WARN_STRICT_PROTOTYPES = YES;
				CLANG_WARN_SUSPICIOUS_MOVE = YES;
				CLANG_WARN_UNGUARDED_AVAILABILITY = YES_AGGRESSIVE;
				CLANG_WARN_UNREACHABLE_CODE = YES;
				CLANG_WARN__DUPLICATE_METHOD_MATCH = YES;
				COPY_PHASE_STRIP = NO;
				DEBUG_INFORMATION_FORMAT = dwarf;
				ENABLE_STRICT_OBJC_MSGSEND = YES;
				ENABLE_TESTABILITY = YES;
				GCC_C_LANGUAGE_STANDARD = gnu11;
				GCC_DYNAMIC_NO_PIC = NO;
				GCC_NO_COMMON_BLOCKS = YES;
				GCC_OPTIMIZATION_LEVEL = 0;
				GCC_PREPROCESSOR_DEFINITIONS = (
					"DEBUG=1",
					"$(inherited)",
				);
				GCC_WARN_64_TO_32_BIT_CONVERSION = YES;
				GCC_WARN_ABOUT_RETURN_TYPE = YES_ERROR;
				GCC_WARN_UNDECLARED_SELECTOR = YES;
				GCC_WARN_UNINITIALIZED_AUTOS = YES_AGGRESSIVE;
				GCC_WARN_UNUSED_FUNCTION = YES;
				GCC_WARN_UNUSED_VARIABLE = YES;
				IPHONEOS_DEPLOYMENT_TARGET = 15.2;
				MTL_ENABLE_DEBUG_INFO = INCLUDE_SOURCE;
				MTL_FAST_MATH = YES;
				ONLY_ACTIVE_ARCH = YES;
				SDKROOT = iphoneos;
				SWIFT_ACTIVE_COMPILATION_CONDITIONS = DEBUG;
				SWIFT_OPTIMIZATION_LEVEL = "-Onone";
			};
			name = Debug;
		};
		BDC80D3827706B2F00827E20 /* Release */ = {
			isa = XCBuildConfiguration;
			buildSettings = {
				ALWAYS_SEARCH_USER_PATHS = NO;
				CLANG_ANALYZER_NONNULL = YES;
				CLANG_ANALYZER_NUMBER_OBJECT_CONVERSION = YES_AGGRESSIVE;
				CLANG_CXX_LANGUAGE_STANDARD = "gnu++17";
				CLANG_CXX_LIBRARY = "libc++";
				CLANG_ENABLE_MODULES = YES;
				CLANG_ENABLE_OBJC_ARC = YES;
				CLANG_ENABLE_OBJC_WEAK = YES;
				CLANG_WARN_BLOCK_CAPTURE_AUTORELEASING = YES;
				CLANG_WARN_BOOL_CONVERSION = YES;
				CLANG_WARN_COMMA = YES;
				CLANG_WARN_CONSTANT_CONVERSION = YES;
				CLANG_WARN_DEPRECATED_OBJC_IMPLEMENTATIONS = YES;
				CLANG_WARN_DIRECT_OBJC_ISA_USAGE = YES_ERROR;
				CLANG_WARN_DOCUMENTATION_COMMENTS = YES;
				CLANG_WARN_EMPTY_BODY = YES;
				CLANG_WARN_ENUM_CONVERSION = YES;
				CLANG_WARN_INFINITE_RECURSION = YES;
				CLANG_WARN_INT_CONVERSION = YES;
				CLANG_WARN_NON_LITERAL_NULL_CONVERSION = YES;
				CLANG_WARN_OBJC_IMPLICIT_RETAIN_SELF = YES;
				CLANG_WARN_OBJC_LITERAL_CONVERSION = YES;
				CLANG_WARN_OBJC_ROOT_CLASS = YES_ERROR;
				CLANG_WARN_QUOTED_INCLUDE_IN_FRAMEWORK_HEADER = YES;
				CLANG_WARN_RANGE_LOOP_ANALYSIS = YES;
				CLANG_WARN_STRICT_PROTOTYPES = YES;
				CLANG_WARN_SUSPICIOUS_MOVE = YES;
				CLANG_WARN_UNGUARDED_AVAILABILITY = YES_AGGRESSIVE;
				CLANG_WARN_UNREACHABLE_CODE = YES;
				CLANG_WARN__DUPLICATE_METHOD_MATCH = YES;
				COPY_PHASE_STRIP = NO;
				DEBUG_INFORMATION_FORMAT = "dwarf-with-dsym";
				ENABLE_NS_ASSERTIONS = NO;
				ENABLE_STRICT_OBJC_MSGSEND = YES;
				GCC_C_LANGUAGE_STANDARD = gnu11;
				GCC_NO_COMMON_BLOCKS = YES;
				GCC_WARN_64_TO_32_BIT_CONVERSION = YES;
				GCC_WARN_ABOUT_RETURN_TYPE = YES_ERROR;
				GCC_WARN_UNDECLARED_SELECTOR = YES;
				GCC_WARN_UNINITIALIZED_AUTOS = YES_AGGRESSIVE;
				GCC_WARN_UNUSED_FUNCTION = YES;
				GCC_WARN_UNUSED_VARIABLE = YES;
				IPHONEOS_DEPLOYMENT_TARGET = 15.2;
				MTL_ENABLE_DEBUG_INFO = NO;
				MTL_FAST_MATH = YES;
				SDKROOT = iphoneos;
				SWIFT_COMPILATION_MODE = wholemodule;
				SWIFT_OPTIMIZATION_LEVEL = "-O";
				VALIDATE_PRODUCT = YES;
			};
			name = Release;
		};
		BDC80D3A27706B2F00827E20 /* Debug */ = {
			isa = XCBuildConfiguration;
			baseConfigurationReference = 48F876F452BE90500E4C8A97 /* Pods-RxSwift_01.debug.xcconfig */;
			buildSettings = {
				ASSETCATALOG_COMPILER_APPICON_NAME = AppIcon;
				ASSETCATALOG_COMPILER_GLOBAL_ACCENT_COLOR_NAME = AccentColor;
				CODE_SIGN_STYLE = Automatic;
				CURRENT_PROJECT_VERSION = 1;
				DEVELOPMENT_TEAM = GUZCT2X325;
				GENERATE_INFOPLIST_FILE = YES;
				INFOPLIST_FILE = RxSwift_01/Info.plist;
				INFOPLIST_KEY_UIApplicationSupportsIndirectInputEvents = YES;
				INFOPLIST_KEY_UILaunchStoryboardName = LaunchScreen;
				INFOPLIST_KEY_UIMainStoryboardFile = Main;
				INFOPLIST_KEY_UISupportedInterfaceOrientations_iPad = "UIInterfaceOrientationPortrait UIInterfaceOrientationPortraitUpsideDown UIInterfaceOrientationLandscapeLeft UIInterfaceOrientationLandscapeRight";
				INFOPLIST_KEY_UISupportedInterfaceOrientations_iPhone = "UIInterfaceOrientationPortrait UIInterfaceOrientationLandscapeLeft UIInterfaceOrientationLandscapeRight";
				LD_RUNPATH_SEARCH_PATHS = (
					"$(inherited)",
					"@executable_path/Frameworks",
				);
				MARKETING_VERSION = 1.0;
				PRODUCT_BUNDLE_IDENTIFIER = "com.example.RxSwift.RxSwift-01";
				PRODUCT_NAME = "$(TARGET_NAME)";
				SWIFT_EMIT_LOC_STRINGS = YES;
				SWIFT_VERSION = 5.0;
				TARGETED_DEVICE_FAMILY = "1,2";
			};
			name = Debug;
		};
		BDC80D3B27706B2F00827E20 /* Release */ = {
			isa = XCBuildConfiguration;
			baseConfigurationReference = 305DE36333B2A91279F5A486 /* Pods-RxSwift_01.release.xcconfig */;
			buildSettings = {
				ASSETCATALOG_COMPILER_APPICON_NAME = AppIcon;
				ASSETCATALOG_COMPILER_GLOBAL_ACCENT_COLOR_NAME = AccentColor;
				CODE_SIGN_STYLE = Automatic;
				CURRENT_PROJECT_VERSION = 1;
				DEVELOPMENT_TEAM = GUZCT2X325;
				GENERATE_INFOPLIST_FILE = YES;
				INFOPLIST_FILE = RxSwift_01/Info.plist;
				INFOPLIST_KEY_UIApplicationSupportsIndirectInputEvents = YES;
				INFOPLIST_KEY_UILaunchStoryboardName = LaunchScreen;
				INFOPLIST_KEY_UIMainStoryboardFile = Main;
				INFOPLIST_KEY_UISupportedInterfaceOrientations_iPad = "UIInterfaceOrientationPortrait UIInterfaceOrientationPortraitUpsideDown UIInterfaceOrientationLandscapeLeft UIInterfaceOrientationLandscapeRight";
				INFOPLIST_KEY_UISupportedInterfaceOrientations_iPhone = "UIInterfaceOrientationPortrait UIInterfaceOrientationLandscapeLeft UIInterfaceOrientationLandscapeRight";
				LD_RUNPATH_SEARCH_PATHS = (
					"$(inherited)",
					"@executable_path/Frameworks",
				);
				MARKETING_VERSION = 1.0;
				PRODUCT_BUNDLE_IDENTIFIER = "com.example.RxSwift.RxSwift-01";
				PRODUCT_NAME = "$(TARGET_NAME)";
				SWIFT_EMIT_LOC_STRINGS = YES;
				SWIFT_VERSION = 5.0;
				TARGETED_DEVICE_FAMILY = "1,2";
			};
			name = Release;
		};
		BDC80D3D27706B2F00827E20 /* Debug */ = {
			isa = XCBuildConfiguration;
			baseConfigurationReference = 8879BF61AAA01FF586F53E93 /* Pods-RxSwift_01Tests.debug.xcconfig */;
			buildSettings = {
				ALWAYS_EMBED_SWIFT_STANDARD_LIBRARIES = YES;
				BUNDLE_LOADER = "$(TEST_HOST)";
				CODE_SIGN_STYLE = Automatic;
				CURRENT_PROJECT_VERSION = 1;
				DEVELOPMENT_TEAM = 4QCSG92KD9;
				GENERATE_INFOPLIST_FILE = YES;
				IPHONEOS_DEPLOYMENT_TARGET = 15.2;
				MARKETING_VERSION = 1.0;
				PRODUCT_BUNDLE_IDENTIFIER = "com.example.RxSwift.RxSwift-01Tests";
				PRODUCT_NAME = "$(TARGET_NAME)";
				SWIFT_EMIT_LOC_STRINGS = NO;
				SWIFT_VERSION = 5.0;
				TARGETED_DEVICE_FAMILY = "1,2";
				TEST_HOST = "$(BUILT_PRODUCTS_DIR)/RxSwift_01.app/RxSwift_01";
			};
			name = Debug;
		};
		BDC80D3E27706B2F00827E20 /* Release */ = {
			isa = XCBuildConfiguration;
			baseConfigurationReference = F81170013E766945FFF6FB87 /* Pods-RxSwift_01Tests.release.xcconfig */;
			buildSettings = {
				ALWAYS_EMBED_SWIFT_STANDARD_LIBRARIES = YES;
				BUNDLE_LOADER = "$(TEST_HOST)";
				CODE_SIGN_STYLE = Automatic;
				CURRENT_PROJECT_VERSION = 1;
				DEVELOPMENT_TEAM = 4QCSG92KD9;
				GENERATE_INFOPLIST_FILE = YES;
				IPHONEOS_DEPLOYMENT_TARGET = 15.2;
				MARKETING_VERSION = 1.0;
				PRODUCT_BUNDLE_IDENTIFIER = "com.example.RxSwift.RxSwift-01Tests";
				PRODUCT_NAME = "$(TARGET_NAME)";
				SWIFT_EMIT_LOC_STRINGS = NO;
				SWIFT_VERSION = 5.0;
				TARGETED_DEVICE_FAMILY = "1,2";
				TEST_HOST = "$(BUILT_PRODUCTS_DIR)/RxSwift_01.app/RxSwift_01";
			};
			name = Release;
		};
		BDC80D4027706B2F00827E20 /* Debug */ = {
			isa = XCBuildConfiguration;
			baseConfigurationReference = 050F4263412823A36DBA717D /* Pods-RxSwift_01-RxSwift_01UITests.debug.xcconfig */;
			buildSettings = {
				ALWAYS_EMBED_SWIFT_STANDARD_LIBRARIES = YES;
				CODE_SIGN_STYLE = Automatic;
				CURRENT_PROJECT_VERSION = 1;
				DEVELOPMENT_TEAM = 4QCSG92KD9;
				GENERATE_INFOPLIST_FILE = YES;
				MARKETING_VERSION = 1.0;
				PRODUCT_BUNDLE_IDENTIFIER = "com.example.RxSwift.RxSwift-01UITests";
				PRODUCT_NAME = "$(TARGET_NAME)";
				SWIFT_EMIT_LOC_STRINGS = NO;
				SWIFT_VERSION = 5.0;
				TARGETED_DEVICE_FAMILY = "1,2";
				TEST_TARGET_NAME = RxSwift_01;
			};
			name = Debug;
		};
		BDC80D4127706B2F00827E20 /* Release */ = {
			isa = XCBuildConfiguration;
			baseConfigurationReference = EAEC946F76332BBD90E7B68C /* Pods-RxSwift_01-RxSwift_01UITests.release.xcconfig */;
			buildSettings = {
				ALWAYS_EMBED_SWIFT_STANDARD_LIBRARIES = YES;
				CODE_SIGN_STYLE = Automatic;
				CURRENT_PROJECT_VERSION = 1;
				DEVELOPMENT_TEAM = 4QCSG92KD9;
				GENERATE_INFOPLIST_FILE = YES;
				MARKETING_VERSION = 1.0;
				PRODUCT_BUNDLE_IDENTIFIER = "com.example.RxSwift.RxSwift-01UITests";
				PRODUCT_NAME = "$(TARGET_NAME)";
				SWIFT_EMIT_LOC_STRINGS = NO;
				SWIFT_VERSION = 5.0;
				TARGETED_DEVICE_FAMILY = "1,2";
				TEST_TARGET_NAME = RxSwift_01;
			};
			name = Release;
		};
/* End XCBuildConfiguration section */

/* Begin XCConfigurationList section */
		BDC80D0A27706B2D00827E20 /* Build configuration list for PBXProject "RxSwift_01" */ = {
			isa = XCConfigurationList;
			buildConfigurations = (
				BDC80D3727706B2F00827E20 /* Debug */,
				BDC80D3827706B2F00827E20 /* Release */,
			);
			defaultConfigurationIsVisible = 0;
			defaultConfigurationName = Release;
		};
		BDC80D3927706B2F00827E20 /* Build configuration list for PBXNativeTarget "RxSwift_01" */ = {
			isa = XCConfigurationList;
			buildConfigurations = (
				BDC80D3A27706B2F00827E20 /* Debug */,
				BDC80D3B27706B2F00827E20 /* Release */,
			);
			defaultConfigurationIsVisible = 0;
			defaultConfigurationName = Release;
		};
		BDC80D3C27706B2F00827E20 /* Build configuration list for PBXNativeTarget "RxSwift_01Tests" */ = {
			isa = XCConfigurationList;
			buildConfigurations = (
				BDC80D3D27706B2F00827E20 /* Debug */,
				BDC80D3E27706B2F00827E20 /* Release */,
			);
			defaultConfigurationIsVisible = 0;
			defaultConfigurationName = Release;
		};
		BDC80D3F27706B2F00827E20 /* Build configuration list for PBXNativeTarget "RxSwift_01UITests" */ = {
			isa = XCConfigurationList;
			buildConfigurations = (
				BDC80D4027706B2F00827E20 /* Debug */,
				BDC80D4127706B2F00827E20 /* Release */,
			);
			defaultConfigurationIsVisible = 0;
			defaultConfigurationName = Release;
		};
/* End XCConfigurationList section */
	};
	rootObject = BDC80D0727706B2D00827E20 /* Project object */;
}
