// !$*UTF8*$!
{
	archiveVersion = 1;
	classes = {
	};
	objectVersion = 55;
	objects = {

/* Begin PBXBuildFile section */
		BDF737E92796B34F00A67F52 /* AppDelegate.swift in Sources */ = {isa = PBXBuildFile; fileRef = BDF737E82796B34F00A67F52 /* AppDelegate.swift */; };
		BDF737EB2796B34F00A67F52 /* SceneDelegate.swift in Sources */ = {isa = PBXBuildFile; fileRef = BDF737EA2796B34F00A67F52 /* SceneDelegate.swift */; };
		BDF737ED2796B34F00A67F52 /* ViewController.swift in Sources */ = {isa = PBXBuildFile; fileRef = BDF737EC2796B34F00A67F52 /* ViewController.swift */; };
		BDF737F02796B34F00A67F52 /* Main.storyboard in Resources */ = {isa = PBXBuildFile; fileRef = BDF737EE2796B34F00A67F52 /* Main.storyboard */; };
		BDF737F22796B35200A67F52 /* Assets.xcassets in Resources */ = {isa = PBXBuildFile; fileRef = BDF737F12796B35200A67F52 /* Assets.xcassets */; };
		BDF737F52796B35200A67F52 /* LaunchScreen.storyboard in Resources */ = {isa = PBXBuildFile; fileRef = BDF737F32796B35200A67F52 /* LaunchScreen.storyboard */; };
		BDF738002796B35200A67F52 /* RxSwift_Button_TestTests.swift in Sources */ = {isa = PBXBuildFile; fileRef = BDF737FF2796B35200A67F52 /* RxSwift_Button_TestTests.swift */; };
		BDF7380A2796B35200A67F52 /* RxSwift_Button_TestUITests.swift in Sources */ = {isa = PBXBuildFile; fileRef = BDF738092796B35200A67F52 /* RxSwift_Button_TestUITests.swift */; };
		BDF7380C2796B35200A67F52 /* RxSwift_Button_TestUITestsLaunchTests.swift in Sources */ = {isa = PBXBuildFile; fileRef = BDF7380B2796B35200A67F52 /* RxSwift_Button_TestUITestsLaunchTests.swift */; };
/* End PBXBuildFile section */

/* Begin PBXContainerItemProxy section */
		BDF737FC2796B35200A67F52 /* PBXContainerItemProxy */ = {
			isa = PBXContainerItemProxy;
			containerPortal = BDF737DD2796B34F00A67F52 /* Project object */;
			proxyType = 1;
			remoteGlobalIDString = BDF737E42796B34F00A67F52;
			remoteInfo = "RxSwift Button Test";
		};
		BDF738062796B35200A67F52 /* PBXContainerItemProxy */ = {
			isa = PBXContainerItemProxy;
			containerPortal = BDF737DD2796B34F00A67F52 /* Project object */;
			proxyType = 1;
			remoteGlobalIDString = BDF737E42796B34F00A67F52;
			remoteInfo = "RxSwift Button Test";
		};
/* End PBXContainerItemProxy section */

/* Begin PBXFileReference section */
		BDF737E52796B34F00A67F52 /* RxSwift Button Test.app */ = {isa = PBXFileReference; explicitFileType = wrapper.application; includeInIndex = 0; path = "RxSwift Button Test.app"; sourceTree = BUILT_PRODUCTS_DIR; };
		BDF737E82796B34F00A67F52 /* AppDelegate.swift */ = {isa = PBXFileReference; lastKnownFileType = sourcecode.swift; path = AppDelegate.swift; sourceTree = "<group>"; };
		BDF737EA2796B34F00A67F52 /* SceneDelegate.swift */ = {isa = PBXFileReference; lastKnownFileType = sourcecode.swift; path = SceneDelegate.swift; sourceTree = "<group>"; };
		BDF737EC2796B34F00A67F52 /* ViewController.swift */ = {isa = PBXFileReference; lastKnownFileType = sourcecode.swift; path = ViewController.swift; sourceTree = "<group>"; };
		BDF737EF2796B34F00A67F52 /* Base */ = {isa = PBXFileReference; lastKnownFileType = file.storyboard; name = Base; path = Base.lproj/Main.storyboard; sourceTree = "<group>"; };
		BDF737F12796B35200A67F52 /* Assets.xcassets */ = {isa = PBXFileReference; lastKnownFileType = folder.assetcatalog; path = Assets.xcassets; sourceTree = "<group>"; };
		BDF737F42796B35200A67F52 /* Base */ = {isa = PBXFileReference; lastKnownFileType = file.storyboard; name = Base; path = Base.lproj/LaunchScreen.storyboard; sourceTree = "<group>"; };
		BDF737F62796B35200A67F52 /* Info.plist */ = {isa = PBXFileReference; lastKnownFileType = text.plist.xml; path = Info.plist; sourceTree = "<group>"; };
		BDF737FB2796B35200A67F52 /* RxSwift Button TestTests.xctest */ = {isa = PBXFileReference; explicitFileType = wrapper.cfbundle; includeInIndex = 0; path = "RxSwift Button TestTests.xctest"; sourceTree = BUILT_PRODUCTS_DIR; };
		BDF737FF2796B35200A67F52 /* RxSwift_Button_TestTests.swift */ = {isa = PBXFileReference; lastKnownFileType = sourcecode.swift; path = RxSwift_Button_TestTests.swift; sourceTree = "<group>"; };
		BDF738052796B35200A67F52 /* RxSwift Button TestUITests.xctest */ = {isa = PBXFileReference; explicitFileType = wrapper.cfbundle; includeInIndex = 0; path = "RxSwift Button TestUITests.xctest"; sourceTree = BUILT_PRODUCTS_DIR; };
		BDF738092796B35200A67F52 /* RxSwift_Button_TestUITests.swift */ = {isa = PBXFileReference; lastKnownFileType = sourcecode.swift; path = RxSwift_Button_TestUITests.swift; sourceTree = "<group>"; };
		BDF7380B2796B35200A67F52 /* RxSwift_Button_TestUITestsLaunchTests.swift */ = {isa = PBXFileReference; lastKnownFileType = sourcecode.swift; path = RxSwift_Button_TestUITestsLaunchTests.swift; sourceTree = "<group>"; };
/* End PBXFileReference section */

/* Begin PBXFrameworksBuildPhase section */
		BDF737E22796B34F00A67F52 /* Frameworks */ = {
			isa = PBXFrameworksBuildPhase;
			buildActionMask = 2147483647;
			files = (
			);
			runOnlyForDeploymentPostprocessing = 0;
		};
		BDF737F82796B35200A67F52 /* Frameworks */ = {
			isa = PBXFrameworksBuildPhase;
			buildActionMask = 2147483647;
			files = (
			);
			runOnlyForDeploymentPostprocessing = 0;
		};
		BDF738022796B35200A67F52 /* Frameworks */ = {
			isa = PBXFrameworksBuildPhase;
			buildActionMask = 2147483647;
			files = (
			);
			runOnlyForDeploymentPostprocessing = 0;
		};
/* End PBXFrameworksBuildPhase section */

/* Begin PBXGroup section */
		BDF737DC2796B34F00A67F52 = {
			isa = PBXGroup;
			children = (
				BDF737E72796B34F00A67F52 /* RxSwift Button Test */,
				BDF737FE2796B35200A67F52 /* RxSwift Button TestTests */,
				BDF738082796B35200A67F52 /* RxSwift Button TestUITests */,
				BDF737E62796B34F00A67F52 /* Products */,
			);
			sourceTree = "<group>";
		};
		BDF737E62796B34F00A67F52 /* Products */ = {
			isa = PBXGroup;
			children = (
				BDF737E52796B34F00A67F52 /* RxSwift Button Test.app */,
				BDF737FB2796B35200A67F52 /* RxSwift Button TestTests.xctest */,
				BDF738052796B35200A67F52 /* RxSwift Button TestUITests.xctest */,
			);
			name = Products;
			sourceTree = "<group>";
		};
		BDF737E72796B34F00A67F52 /* RxSwift Button Test */ = {
			isa = PBXGroup;
			children = (
				BDF737E82796B34F00A67F52 /* AppDelegate.swift */,
				BDF737EA2796B34F00A67F52 /* SceneDelegate.swift */,
				BDF737EC2796B34F00A67F52 /* ViewController.swift */,
				BDF737EE2796B34F00A67F52 /* Main.storyboard */,
				BDF737F12796B35200A67F52 /* Assets.xcassets */,
				BDF737F32796B35200A67F52 /* LaunchScreen.storyboard */,
				BDF737F62796B35200A67F52 /* Info.plist */,
			);
			path = "RxSwift Button Test";
			sourceTree = "<group>";
		};
		BDF737FE2796B35200A67F52 /* RxSwift Button TestTests */ = {
			isa = PBXGroup;
			children = (
				BDF737FF2796B35200A67F52 /* RxSwift_Button_TestTests.swift */,
			);
			path = "RxSwift Button TestTests";
			sourceTree = "<group>";
		};
		BDF738082796B35200A67F52 /* RxSwift Button TestUITests */ = {
			isa = PBXGroup;
			children = (
				BDF738092796B35200A67F52 /* RxSwift_Button_TestUITests.swift */,
				BDF7380B2796B35200A67F52 /* RxSwift_Button_TestUITestsLaunchTests.swift */,
			);
			path = "RxSwift Button TestUITests";
			sourceTree = "<group>";
		};
/* End PBXGroup section */

/* Begin PBXNativeTarget section */
		BDF737E42796B34F00A67F52 /* RxSwift Button Test */ = {
			isa = PBXNativeTarget;
			buildConfigurationList = BDF7380F2796B35200A67F52 /* Build configuration list for PBXNativeTarget "RxSwift Button Test" */;
			buildPhases = (
				BDF737E12796B34F00A67F52 /* Sources */,
				BDF737E22796B34F00A67F52 /* Frameworks */,
				BDF737E32796B34F00A67F52 /* Resources */,
			);
			buildRules = (
			);
			dependencies = (
			);
			name = "RxSwift Button Test";
			productName = "RxSwift Button Test";
			productReference = BDF737E52796B34F00A67F52 /* RxSwift Button Test.app */;
			productType = "com.apple.product-type.application";
		};
		BDF737FA2796B35200A67F52 /* RxSwift Button TestTests */ = {
			isa = PBXNativeTarget;
			buildConfigurationList = BDF738122796B35200A67F52 /* Build configuration list for PBXNativeTarget "RxSwift Button TestTests" */;
			buildPhases = (
				BDF737F72796B35200A67F52 /* Sources */,
				BDF737F82796B35200A67F52 /* Frameworks */,
				BDF737F92796B35200A67F52 /* Resources */,
			);
			buildRules = (
			);
			dependencies = (
				BDF737FD2796B35200A67F52 /* PBXTargetDependency */,
			);
			name = "RxSwift Button TestTests";
			productName = "RxSwift Button TestTests";
			productReference = BDF737FB2796B35200A67F52 /* RxSwift Button TestTests.xctest */;
			productType = "com.apple.product-type.bundle.unit-test";
		};
		BDF738042796B35200A67F52 /* RxSwift Button TestUITests */ = {
			isa = PBXNativeTarget;
			buildConfigurationList = BDF738152796B35200A67F52 /* Build configuration list for PBXNativeTarget "RxSwift Button TestUITests" */;
			buildPhases = (
				BDF738012796B35200A67F52 /* Sources */,
				BDF738022796B35200A67F52 /* Frameworks */,
				BDF738032796B35200A67F52 /* Resources */,
			);
			buildRules = (
			);
			dependencies = (
				BDF738072796B35200A67F52 /* PBXTargetDependency */,
			);
			name = "RxSwift Button TestUITests";
			productName = "RxSwift Button TestUITests";
			productReference = BDF738052796B35200A67F52 /* RxSwift Button TestUITests.xctest */;
			productType = "com.apple.product-type.bundle.ui-testing";
		};
/* End PBXNativeTarget section */

/* Begin PBXProject section */
		BDF737DD2796B34F00A67F52 /* Project object */ = {
			isa = PBXProject;
			attributes = {
				BuildIndependentTargetsInParallel = 1;
				LastSwiftUpdateCheck = 1320;
				LastUpgradeCheck = 1320;
				TargetAttributes = {
					BDF737E42796B34F00A67F52 = {
						CreatedOnToolsVersion = 13.2.1;
					};
					BDF737FA2796B35200A67F52 = {
						CreatedOnToolsVersion = 13.2.1;
						TestTargetID = BDF737E42796B34F00A67F52;
					};
					BDF738042796B35200A67F52 = {
						CreatedOnToolsVersion = 13.2.1;
						TestTargetID = BDF737E42796B34F00A67F52;
					};
				};
			};
			buildConfigurationList = BDF737E02796B34F00A67F52 /* Build configuration list for PBXProject "RxSwift Button Test" */;
			compatibilityVersion = "Xcode 13.0";
			developmentRegion = en;
			hasScannedForEncodings = 0;
			knownRegions = (
				en,
				Base,
			);
			mainGroup = BDF737DC2796B34F00A67F52;
			productRefGroup = BDF737E62796B34F00A67F52 /* Products */;
			projectDirPath = "";
			projectRoot = "";
			targets = (
				BDF737E42796B34F00A67F52 /* RxSwift Button Test */,
				BDF737FA2796B35200A67F52 /* RxSwift Button TestTests */,
				BDF738042796B35200A67F52 /* RxSwift Button TestUITests */,
			);
		};
/* End PBXProject section */

/* Begin PBXResourcesBuildPhase section */
		BDF737E32796B34F00A67F52 /* Resources */ = {
			isa = PBXResourcesBuildPhase;
			buildActionMask = 2147483647;
			files = (
				BDF737F52796B35200A67F52 /* LaunchScreen.storyboard in Resources */,
				BDF737F22796B35200A67F52 /* Assets.xcassets in Resources */,
				BDF737F02796B34F00A67F52 /* Main.storyboard in Resources */,
			);
			runOnlyForDeploymentPostprocessing = 0;
		};
		BDF737F92796B35200A67F52 /* Resources */ = {
			isa = PBXResourcesBuildPhase;
			buildActionMask = 2147483647;
			files = (
			);
			runOnlyForDeploymentPostprocessing = 0;
		};
		BDF738032796B35200A67F52 /* Resources */ = {
			isa = PBXResourcesBuildPhase;
			buildActionMask = 2147483647;
			files = (
			);
			runOnlyForDeploymentPostprocessing = 0;
		};
/* End PBXResourcesBuildPhase section */

/* Begin PBXSourcesBuildPhase section */
		BDF737E12796B34F00A67F52 /* Sources */ = {
			isa = PBXSourcesBuildPhase;
			buildActionMask = 2147483647;
			files = (
				BDF737ED2796B34F00A67F52 /* ViewController.swift in Sources */,
				BDF737E92796B34F00A67F52 /* AppDelegate.swift in Sources */,
				BDF737EB2796B34F00A67F52 /* SceneDelegate.swift in Sources */,
			);
			runOnlyForDeploymentPostprocessing = 0;
		};
		BDF737F72796B35200A67F52 /* Sources */ = {
			isa = PBXSourcesBuildPhase;
			buildActionMask = 2147483647;
			files = (
				BDF738002796B35200A67F52 /* RxSwift_Button_TestTests.swift in Sources */,
			);
			runOnlyForDeploymentPostprocessing = 0;
		};
		BDF738012796B35200A67F52 /* Sources */ = {
			isa = PBXSourcesBuildPhase;
			buildActionMask = 2147483647;
			files = (
				BDF7380C2796B35200A67F52 /* RxSwift_Button_TestUITestsLaunchTests.swift in Sources */,
				BDF7380A2796B35200A67F52 /* RxSwift_Button_TestUITests.swift in Sources */,
			);
			runOnlyForDeploymentPostprocessing = 0;
		};
/* End PBXSourcesBuildPhase section */

/* Begin PBXTargetDependency section */
		BDF737FD2796B35200A67F52 /* PBXTargetDependency */ = {
			isa = PBXTargetDependency;
			target = BDF737E42796B34F00A67F52 /* RxSwift Button Test */;
			targetProxy = BDF737FC2796B35200A67F52 /* PBXContainerItemProxy */;
		};
		BDF738072796B35200A67F52 /* PBXTargetDependency */ = {
			isa = PBXTargetDependency;
			target = BDF737E42796B34F00A67F52 /* RxSwift Button Test */;
			targetProxy = BDF738062796B35200A67F52 /* PBXContainerItemProxy */;
		};
/* End PBXTargetDependency section */

/* Begin PBXVariantGroup section */
		BDF737EE2796B34F00A67F52 /* Main.storyboard */ = {
			isa = PBXVariantGroup;
			children = (
				BDF737EF2796B34F00A67F52 /* Base */,
			);
			name = Main.storyboard;
			sourceTree = "<group>";
		};
		BDF737F32796B35200A67F52 /* LaunchScreen.storyboard */ = {
			isa = PBXVariantGroup;
			children = (
				BDF737F42796B35200A67F52 /* Base */,
			);
			name = LaunchScreen.storyboard;
			sourceTree = "<group>";
		};
/* End PBXVariantGroup section */

/* Begin XCBuildConfiguration section */
		BDF7380D2796B35200A67F52 /* Debug */ = {
			isa = XCBuildConfiguration;
			buildSettings = {
				ALWAYS_SEARCH_USER_PATHS = NO;
				CLANG_ANALYZER_NONNULL = YES;
				CLANG_ANALYZER_NUMBER_OBJECT_CONVERSION = YES_AGGRESSIVE;
				CLANG_CXX_LANGUAGE_STANDARD = "gnu++17";
				CLANG_CXX_LIBRARY = "libc++";
				CLANG_ENABLE_MODULES = YES;
				CLANG_ENABLE_OBJC_ARC = YES;
				CLANG_ENABLE_OBJC_WEAK = YES;
				CLANG_WARN_BLOCK_CAPTURE_AUTORELEASING = YES;
				CLANG_WARN_BOOL_CONVERSION = YES;
				CLANG_WARN_COMMA = YES;
				CLANG_WARN_CONSTANT_CONVERSION = YES;
				CLANG_WARN_DEPRECATED_OBJC_IMPLEMENTATIONS = YES;
				CLANG_WARN_DIRECT_OBJC_ISA_USAGE = YES_ERROR;
				CLANG_WARN_DOCUMENTATION_COMMENTS = YES;
				CLANG_WARN_EMPTY_BODY = YES;
				CLANG_WARN_ENUM_CONVERSION = YES;
				CLANG_WARN_INFINITE_RECURSION = YES;
				CLANG_WARN_INT_CONVERSION = YES;
				CLANG_WARN_NON_LITERAL_NULL_CONVERSION = YES;
				CLANG_WARN_OBJC_IMPLICIT_RETAIN_SELF = YES;
				CLANG_WARN_OBJC_LITERAL_CONVERSION = YES;
				CLANG_WARN_OBJC_ROOT_CLASS = YES_ERROR;
				CLANG_WARN_QUOTED_INCLUDE_IN_FRAMEWORK_HEADER = YES;
				CLANG_WARN_RANGE_LOOP_ANALYSIS = YES;
				CLANG_WARN_STRICT_PROTOTYPES = YES;
				CLANG_WARN_SUSPICIOUS_MOVE = YES;
				CLANG_WARN_UNGUARDED_AVAILABILITY = YES_AGGRESSIVE;
				CLANG_WARN_UNREACHABLE_CODE = YES;
				CLANG_WARN__DUPLICATE_METHOD_MATCH = YES;
				COPY_PHASE_STRIP = NO;
				DEBUG_INFORMATION_FORMAT = dwarf;
				ENABLE_STRICT_OBJC_MSGSEND = YES;
				ENABLE_TESTABILITY = YES;
				GCC_C_LANGUAGE_STANDARD = gnu11;
				GCC_DYNAMIC_NO_PIC = NO;
				GCC_NO_COMMON_BLOCKS = YES;
				GCC_OPTIMIZATION_LEVEL = 0;
				GCC_PREPROCESSOR_DEFINITIONS = (
					"DEBUG=1",
					"$(inherited)",
				);
				GCC_WARN_64_TO_32_BIT_CONVERSION = YES;
				GCC_WARN_ABOUT_RETURN_TYPE = YES_ERROR;
				GCC_WARN_UNDECLARED_SELECTOR = YES;
				GCC_WARN_UNINITIALIZED_AUTOS = YES_AGGRESSIVE;
				GCC_WARN_UNUSED_FUNCTION = YES;
				GCC_WARN_UNUSED_VARIABLE = YES;
				IPHONEOS_DEPLOYMENT_TARGET = 15.2;
				MTL_ENABLE_DEBUG_INFO = INCLUDE_SOURCE;
				MTL_FAST_MATH = YES;
				ONLY_ACTIVE_ARCH = YES;
				SDKROOT = iphoneos;
				SWIFT_ACTIVE_COMPILATION_CONDITIONS = DEBUG;
				SWIFT_OPTIMIZATION_LEVEL = "-Onone";
			};
			name = Debug;
		};
		BDF7380E2796B35200A67F52 /* Release */ = {
			isa = XCBuildConfiguration;
			buildSettings = {
				ALWAYS_SEARCH_USER_PATHS = NO;
				CLANG_ANALYZER_NONNULL = YES;
				CLANG_ANALYZER_NUMBER_OBJECT_CONVERSION = YES_AGGRESSIVE;
				CLANG_CXX_LANGUAGE_STANDARD = "gnu++17";
				CLANG_CXX_LIBRARY = "libc++";
				CLANG_ENABLE_MODULES = YES;
				CLANG_ENABLE_OBJC_ARC = YES;
				CLANG_ENABLE_OBJC_WEAK = YES;
				CLANG_WARN_BLOCK_CAPTURE_AUTORELEASING = YES;
				CLANG_WARN_BOOL_CONVERSION = YES;
				CLANG_WARN_COMMA = YES;
				CLANG_WARN_CONSTANT_CONVERSION = YES;
				CLANG_WARN_DEPRECATED_OBJC_IMPLEMENTATIONS = YES;
				CLANG_WARN_DIRECT_OBJC_ISA_USAGE = YES_ERROR;
				CLANG_WARN_DOCUMENTATION_COMMENTS = YES;
				CLANG_WARN_EMPTY_BODY = YES;
				CLANG_WARN_ENUM_CONVERSION = YES;
				CLANG_WARN_INFINITE_RECURSION = YES;
				CLANG_WARN_INT_CONVERSION = YES;
				CLANG_WARN_NON_LITERAL_NULL_CONVERSION = YES;
				CLANG_WARN_OBJC_IMPLICIT_RETAIN_SELF = YES;
				CLANG_WARN_OBJC_LITERAL_CONVERSION = YES;
				CLANG_WARN_OBJC_ROOT_CLASS = YES_ERROR;
				CLANG_WARN_QUOTED_INCLUDE_IN_FRAMEWORK_HEADER = YES;
				CLANG_WARN_RANGE_LOOP_ANALYSIS = YES;
				CLANG_WARN_STRICT_PROTOTYPES = YES;
				CLANG_WARN_SUSPICIOUS_MOVE = YES;
				CLANG_WARN_UNGUARDED_AVAILABILITY = YES_AGGRESSIVE;
				CLANG_WARN_UNREACHABLE_CODE = YES;
				CLANG_WARN__DUPLICATE_METHOD_MATCH = YES;
				COPY_PHASE_STRIP = NO;
				DEBUG_INFORMATION_FORMAT = "dwarf-with-dsym";
				ENABLE_NS_ASSERTIONS = NO;
				ENABLE_STRICT_OBJC_MSGSEND = YES;
				GCC_C_LANGUAGE_STANDARD = gnu11;
				GCC_NO_COMMON_BLOCKS = YES;
				GCC_WARN_64_TO_32_BIT_CONVERSION = YES;
				GCC_WARN_ABOUT_RETURN_TYPE = YES_ERROR;
				GCC_WARN_UNDECLARED_SELECTOR = YES;
				GCC_WARN_UNINITIALIZED_AUTOS = YES_AGGRESSIVE;
				GCC_WARN_UNUSED_FUNCTION = YES;
				GCC_WARN_UNUSED_VARIABLE = YES;
				IPHONEOS_DEPLOYMENT_TARGET = 15.2;
				MTL_ENABLE_DEBUG_INFO = NO;
				MTL_FAST_MATH = YES;
				SDKROOT = iphoneos;
				SWIFT_COMPILATION_MODE = wholemodule;
				SWIFT_OPTIMIZATION_LEVEL = "-O";
				VALIDATE_PRODUCT = YES;
			};
			name = Release;
		};
		BDF738102796B35200A67F52 /* Debug */ = {
			isa = XCBuildConfiguration;
			buildSettings = {
				ASSETCATALOG_COMPILER_APPICON_NAME = AppIcon;
				ASSETCATALOG_COMPILER_GLOBAL_ACCENT_COLOR_NAME = AccentColor;
				CODE_SIGN_STYLE = Automatic;
				CURRENT_PROJECT_VERSION = 1;
				DEVELOPMENT_TEAM = 4QCSG92KD9;
				GENERATE_INFOPLIST_FILE = YES;
				INFOPLIST_FILE = "RxSwift Button Test/Info.plist";
				INFOPLIST_KEY_UIApplicationSupportsIndirectInputEvents = YES;
				INFOPLIST_KEY_UILaunchStoryboardName = LaunchScreen;
				INFOPLIST_KEY_UIMainStoryboardFile = Main;
				INFOPLIST_KEY_UISupportedInterfaceOrientations_iPad = "UIInterfaceOrientationPortrait UIInterfaceOrientationPortraitUpsideDown UIInterfaceOrientationLandscapeLeft UIInterfaceOrientationLandscapeRight";
				INFOPLIST_KEY_UISupportedInterfaceOrientations_iPhone = "UIInterfaceOrientationPortrait UIInterfaceOrientationLandscapeLeft UIInterfaceOrientationLandscapeRight";
				LD_RUNPATH_SEARCH_PATHS = (
					"$(inherited)",
					"@executable_path/Frameworks",
				);
				MARKETING_VERSION = 1.0;
				PRODUCT_BUNDLE_IDENTIFIER = "com.example.RxSwift.RxSwift-Button-Test";
				PRODUCT_NAME = "$(TARGET_NAME)";
				SWIFT_EMIT_LOC_STRINGS = YES;
				SWIFT_VERSION = 5.0;
				TARGETED_DEVICE_FAMILY = "1,2";
			};
			name = Debug;
		};
		BDF738112796B35200A67F52 /* Release */ = {
			isa = XCBuildConfiguration;
			buildSettings = {
				ASSETCATALOG_COMPILER_APPICON_NAME = AppIcon;
				ASSETCATALOG_COMPILER_GLOBAL_ACCENT_COLOR_NAME = AccentColor;
				CODE_SIGN_STYLE = Automatic;
				CURRENT_PROJECT_VERSION = 1;
				DEVELOPMENT_TEAM = 4QCSG92KD9;
				GENERATE_INFOPLIST_FILE = YES;
				INFOPLIST_FILE = "RxSwift Button Test/Info.plist";
				INFOPLIST_KEY_UIApplicationSupportsIndirectInputEvents = YES;
				INFOPLIST_KEY_UILaunchStoryboardName = LaunchScreen;
				INFOPLIST_KEY_UIMainStoryboardFile = Main;
				INFOPLIST_KEY_UISupportedInterfaceOrientations_iPad = "UIInterfaceOrientationPortrait UIInterfaceOrientationPortraitUpsideDown UIInterfaceOrientationLandscapeLeft UIInterfaceOrientationLandscapeRight";
				INFOPLIST_KEY_UISupportedInterfaceOrientations_iPhone = "UIInterfaceOrientationPortrait UIInterfaceOrientationLandscapeLeft UIInterfaceOrientationLandscapeRight";
				LD_RUNPATH_SEARCH_PATHS = (
					"$(inherited)",
					"@executable_path/Frameworks",
				);
				MARKETING_VERSION = 1.0;
				PRODUCT_BUNDLE_IDENTIFIER = "com.example.RxSwift.RxSwift-Button-Test";
				PRODUCT_NAME = "$(TARGET_NAME)";
				SWIFT_EMIT_LOC_STRINGS = YES;
				SWIFT_VERSION = 5.0;
				TARGETED_DEVICE_FAMILY = "1,2";
			};
			name = Release;
		};
		BDF738132796B35200A67F52 /* Debug */ = {
			isa = XCBuildConfiguration;
			buildSettings = {
				ALWAYS_EMBED_SWIFT_STANDARD_LIBRARIES = YES;
				BUNDLE_LOADER = "$(TEST_HOST)";
				CODE_SIGN_STYLE = Automatic;
				CURRENT_PROJECT_VERSION = 1;
				DEVELOPMENT_TEAM = 4QCSG92KD9;
				GENERATE_INFOPLIST_FILE = YES;
				IPHONEOS_DEPLOYMENT_TARGET = 15.2;
				MARKETING_VERSION = 1.0;
				PRODUCT_BUNDLE_IDENTIFIER = "com.example.RxSwift.RxSwift-Button-TestTests";
				PRODUCT_NAME = "$(TARGET_NAME)";
				SWIFT_EMIT_LOC_STRINGS = NO;
				SWIFT_VERSION = 5.0;
				TARGETED_DEVICE_FAMILY = "1,2";
				TEST_HOST = "$(BUILT_PRODUCTS_DIR)/RxSwift Button Test.app/RxSwift Button Test";
			};
			name = Debug;
		};
		BDF738142796B35200A67F52 /* Release */ = {
			isa = XCBuildConfiguration;
			buildSettings = {
				ALWAYS_EMBED_SWIFT_STANDARD_LIBRARIES = YES;
				BUNDLE_LOADER = "$(TEST_HOST)";
				CODE_SIGN_STYLE = Automatic;
				CURRENT_PROJECT_VERSION = 1;
				DEVELOPMENT_TEAM = 4QCSG92KD9;
				GENERATE_INFOPLIST_FILE = YES;
				IPHONEOS_DEPLOYMENT_TARGET = 15.2;
				MARKETING_VERSION = 1.0;
				PRODUCT_BUNDLE_IDENTIFIER = "com.example.RxSwift.RxSwift-Button-TestTests";
				PRODUCT_NAME = "$(TARGET_NAME)";
				SWIFT_EMIT_LOC_STRINGS = NO;
				SWIFT_VERSION = 5.0;
				TARGETED_DEVICE_FAMILY = "1,2";
				TEST_HOST = "$(BUILT_PRODUCTS_DIR)/RxSwift Button Test.app/RxSwift Button Test";
			};
			name = Release;
		};
		BDF738162796B35200A67F52 /* Debug */ = {
			isa = XCBuildConfiguration;
			buildSettings = {
				ALWAYS_EMBED_SWIFT_STANDARD_LIBRARIES = YES;
				CODE_SIGN_STYLE = Automatic;
				CURRENT_PROJECT_VERSION = 1;
				DEVELOPMENT_TEAM = 4QCSG92KD9;
				GENERATE_INFOPLIST_FILE = YES;
				MARKETING_VERSION = 1.0;
				PRODUCT_BUNDLE_IDENTIFIER = "com.example.RxSwift.RxSwift-Button-TestUITests";
				PRODUCT_NAME = "$(TARGET_NAME)";
				SWIFT_EMIT_LOC_STRINGS = NO;
				SWIFT_VERSION = 5.0;
				TARGETED_DEVICE_FAMILY = "1,2";
				TEST_TARGET_NAME = "RxSwift Button Test";
			};
			name = Debug;
		};
		BDF738172796B35200A67F52 /* Release */ = {
			isa = XCBuildConfiguration;
			buildSettings = {
				ALWAYS_EMBED_SWIFT_STANDARD_LIBRARIES = YES;
				CODE_SIGN_STYLE = Automatic;
				CURRENT_PROJECT_VERSION = 1;
				DEVELOPMENT_TEAM = 4QCSG92KD9;
				GENERATE_INFOPLIST_FILE = YES;
				MARKETING_VERSION = 1.0;
				PRODUCT_BUNDLE_IDENTIFIER = "com.example.RxSwift.RxSwift-Button-TestUITests";
				PRODUCT_NAME = "$(TARGET_NAME)";
				SWIFT_EMIT_LOC_STRINGS = NO;
				SWIFT_VERSION = 5.0;
				TARGETED_DEVICE_FAMILY = "1,2";
				TEST_TARGET_NAME = "RxSwift Button Test";
			};
			name = Release;
		};
/* End XCBuildConfiguration section */

/* Begin XCConfigurationList section */
		BDF737E02796B34F00A67F52 /* Build configuration list for PBXProject "RxSwift Button Test" */ = {
			isa = XCConfigurationList;
			buildConfigurations = (
				BDF7380D2796B35200A67F52 /* Debug */,
				BDF7380E2796B35200A67F52 /* Release */,
			);
			defaultConfigurationIsVisible = 0;
			defaultConfigurationName = Release;
		};
		BDF7380F2796B35200A67F52 /* Build configuration list for PBXNativeTarget "RxSwift Button Test" */ = {
			isa = XCConfigurationList;
			buildConfigurations = (
				BDF738102796B35200A67F52 /* Debug */,
				BDF738112796B35200A67F52 /* Release */,
			);
			defaultConfigurationIsVisible = 0;
			defaultConfigurationName = Release;
		};
		BDF738122796B35200A67F52 /* Build configuration list for PBXNativeTarget "RxSwift Button TestTests" */ = {
			isa = XCConfigurationList;
			buildConfigurations = (
				BDF738132796B35200A67F52 /* Debug */,
				BDF738142796B35200A67F52 /* Release */,
			);
			defaultConfigurationIsVisible = 0;
			defaultConfigurationName = Release;
		};
		BDF738152796B35200A67F52 /* Build configuration list for PBXNativeTarget "RxSwift Button TestUITests" */ = {
			isa = XCConfigurationList;
			buildConfigurations = (
				BDF738162796B35200A67F52 /* Debug */,
				BDF738172796B35200A67F52 /* Release */,
			);
			defaultConfigurationIsVisible = 0;
			defaultConfigurationName = Release;
		};
/* End XCConfigurationList section */
	};
	rootObject = BDF737DD2796B34F00A67F52 /* Project object */;
}
